// !$*UTF8*$!
{
	archiveVersion = 1;
	classes = {
	};
	objectVersion = 56;
	objects = {

/* Begin PBXBuildFile section */
		1D0DA80229336AD40057DDAD /* ObservableViewModel.swift in Sources */ = {isa = PBXBuildFile; fileRef = 1D0DA80129336AD40057DDAD /* ObservableViewModel.swift */; };
		1D0DA810293371040057DDAD /* ObservedViewModel.swift in Sources */ = {isa = PBXBuildFile; fileRef = 1D0DA80F293371040057DDAD /* ObservedViewModel.swift */; };
		1D0DA8122933715A0057DDAD /* KMPObservableViewModelCore.framework in Frameworks */ = {isa = PBXBuildFile; fileRef = 1D0DA7F8293369A80057DDAD /* KMPObservableViewModelCore.framework */; };
		1D0DA81A293375D20057DDAD /* ObservableViewModelProjection.swift in Sources */ = {isa = PBXBuildFile; fileRef = 1D0DA819293375D20057DDAD /* ObservableViewModelProjection.swift */; };
		1D0DA81C293381C20057DDAD /* StateViewModel.swift in Sources */ = {isa = PBXBuildFile; fileRef = 1D0DA81B293381C20057DDAD /* StateViewModel.swift */; };
		1D0DA81E293384EF0057DDAD /* EnvironmentViewModel.swift in Sources */ = {isa = PBXBuildFile; fileRef = 1D0DA81D293384EF0057DDAD /* EnvironmentViewModel.swift */; };
		1D198B2A2933BFD900EF778D /* KMPObservableViewModelCoreObjC.h in Headers */ = {isa = PBXBuildFile; fileRef = 1D198B292933BFD900EF778D /* KMPObservableViewModelCoreObjC.h */; settings = {ATTRIBUTES = (Public, ); }; };
		1D198B302933C01800EF778D /* KMPOVMViewModelScope.h in Headers */ = {isa = PBXBuildFile; fileRef = 1D198B2E2933C01800EF778D /* KMPOVMViewModelScope.h */; settings = {ATTRIBUTES = (Public, ); }; };
		1D198B312933C01800EF778D /* KMPObservableViewModelCoreObjC.m in Sources */ = {isa = PBXBuildFile; fileRef = 1D198B2F2933C01800EF778D /* KMPObservableViewModelCoreObjC.m */; };
		1D198B322933C04400EF778D /* KMPObservableViewModelCoreObjC.framework in Frameworks */ = {isa = PBXBuildFile; fileRef = 1D198B272933BFD900EF778D /* KMPObservableViewModelCoreObjC.framework */; };
		1D43F3EC2ABAFCA600EB3DFE /* ObservableViewModelPublisher.swift in Sources */ = {isa = PBXBuildFile; fileRef = 1D43F3EB2ABAFCA600EB3DFE /* ObservableViewModelPublisher.swift */; };
		1D43F3EE2ABAFD7D00EB3DFE /* ObservableViewModelPublishers.swift in Sources */ = {isa = PBXBuildFile; fileRef = 1D43F3ED2ABAFD7D00EB3DFE /* ObservableViewModelPublishers.swift */; };
		1D6641DD2A5175C3000180D7 /* ChildViewModels.swift in Sources */ = {isa = PBXBuildFile; fileRef = 1D6641DC2A5175C3000180D7 /* ChildViewModels.swift */; };
		1DDAF21E293545DD0049C114 /* ViewModel.swift in Sources */ = {isa = PBXBuildFile; fileRef = 1DDAF21D293545DD0049C114 /* ViewModel.swift */; };
/* End PBXBuildFile section */

/* Begin PBXContainerItemProxy section */
		1D0DA8142933715A0057DDAD /* PBXContainerItemProxy */ = {
			isa = PBXContainerItemProxy;
			containerPortal = 1D0DA7D4293367DE0057DDAD /* Project object */;
			proxyType = 1;
			remoteGlobalIDString = 1D0DA7F7293369A80057DDAD;
			remoteInfo = KMPObservableViewModelCore;
		};
		1D198B342933C04400EF778D /* PBXContainerItemProxy */ = {
			isa = PBXContainerItemProxy;
			containerPortal = 1D0DA7D4293367DE0057DDAD /* Project object */;
			proxyType = 1;
			remoteGlobalIDString = 1D198B262933BFD900EF778D;
			remoteInfo = KMPObservableViewModelCoreObjC;
		};
/* End PBXContainerItemProxy section */

/* Begin PBXFileReference section */
		1D0DA7F8293369A80057DDAD /* KMPObservableViewModelCore.framework */ = {isa = PBXFileReference; explicitFileType = wrapper.framework; includeInIndex = 0; path = KMPObservableViewModelCore.framework; sourceTree = BUILT_PRODUCTS_DIR; };
		1D0DA80129336AD40057DDAD /* ObservableViewModel.swift */ = {isa = PBXFileReference; lastKnownFileType = sourcecode.swift; path = ObservableViewModel.swift; sourceTree = "<group>"; };
		1D0DA808293370E60057DDAD /* KMPObservableViewModelSwiftUI.framework */ = {isa = PBXFileReference; explicitFileType = wrapper.framework; includeInIndex = 0; path = KMPObservableViewModelSwiftUI.framework; sourceTree = BUILT_PRODUCTS_DIR; };
		1D0DA80F293371040057DDAD /* ObservedViewModel.swift */ = {isa = PBXFileReference; lastKnownFileType = sourcecode.swift; path = ObservedViewModel.swift; sourceTree = "<group>"; };
		1D0DA819293375D20057DDAD /* ObservableViewModelProjection.swift */ = {isa = PBXFileReference; lastKnownFileType = sourcecode.swift; path = ObservableViewModelProjection.swift; sourceTree = "<group>"; };
		1D0DA81B293381C20057DDAD /* StateViewModel.swift */ = {isa = PBXFileReference; lastKnownFileType = sourcecode.swift; path = StateViewModel.swift; sourceTree = "<group>"; };
		1D0DA81D293384EF0057DDAD /* EnvironmentViewModel.swift */ = {isa = PBXFileReference; lastKnownFileType = sourcecode.swift; path = EnvironmentViewModel.swift; sourceTree = "<group>"; };
		1D198B272933BFD900EF778D /* KMPObservableViewModelCoreObjC.framework */ = {isa = PBXFileReference; explicitFileType = wrapper.framework; includeInIndex = 0; path = KMPObservableViewModelCoreObjC.framework; sourceTree = BUILT_PRODUCTS_DIR; };
		1D198B292933BFD900EF778D /* KMPObservableViewModelCoreObjC.h */ = {isa = PBXFileReference; lastKnownFileType = sourcecode.c.h; path = KMPObservableViewModelCoreObjC.h; sourceTree = "<group>"; };
		1D198B2E2933C01800EF778D /* KMPOVMViewModelScope.h */ = {isa = PBXFileReference; fileEncoding = 4; lastKnownFileType = sourcecode.c.h; path = KMPOVMViewModelScope.h; sourceTree = "<group>"; };
		1D198B2F2933C01800EF778D /* KMPObservableViewModelCoreObjC.m */ = {isa = PBXFileReference; fileEncoding = 4; lastKnownFileType = sourcecode.c.objc; path = KMPObservableViewModelCoreObjC.m; sourceTree = "<group>"; };
		1D43F3EB2ABAFCA600EB3DFE /* ObservableViewModelPublisher.swift */ = {isa = PBXFileReference; lastKnownFileType = sourcecode.swift; path = ObservableViewModelPublisher.swift; sourceTree = "<group>"; };
		1D43F3ED2ABAFD7D00EB3DFE /* ObservableViewModelPublishers.swift */ = {isa = PBXFileReference; lastKnownFileType = sourcecode.swift; path = ObservableViewModelPublishers.swift; sourceTree = "<group>"; };
		1D6641DC2A5175C3000180D7 /* ChildViewModels.swift */ = {isa = PBXFileReference; lastKnownFileType = sourcecode.swift; path = ChildViewModels.swift; sourceTree = "<group>"; };
		1DDAF21D293545DD0049C114 /* ViewModel.swift */ = {isa = PBXFileReference; lastKnownFileType = sourcecode.swift; path = ViewModel.swift; sourceTree = "<group>"; };
/* End PBXFileReference section */

/* Begin PBXFrameworksBuildPhase section */
		1D0DA7F5293369A80057DDAD /* Frameworks */ = {
			isa = PBXFrameworksBuildPhase;
			buildActionMask = 2147483647;
			files = (
				1D198B322933C04400EF778D /* KMPObservableViewModelCoreObjC.framework in Frameworks */,
			);
			runOnlyForDeploymentPostprocessing = 0;
		};
		1D0DA805293370E60057DDAD /* Frameworks */ = {
			isa = PBXFrameworksBuildPhase;
			buildActionMask = 2147483647;
			files = (
				1D0DA8122933715A0057DDAD /* KMPObservableViewModelCore.framework in Frameworks */,
			);
			runOnlyForDeploymentPostprocessing = 0;
		};
		1D198B242933BFD900EF778D /* Frameworks */ = {
			isa = PBXFrameworksBuildPhase;
			buildActionMask = 2147483647;
			files = (
			);
			runOnlyForDeploymentPostprocessing = 0;
		};
/* End PBXFrameworksBuildPhase section */

/* Begin PBXGroup section */
		1D0DA7D3293367DE0057DDAD = {
			isa = PBXGroup;
			children = (
				1D0DA7F9293369A80057DDAD /* KMPObservableViewModelCore */,
				1D198B282933BFD900EF778D /* KMPObservableViewModelCoreObjC */,
				1D0DA809293370E60057DDAD /* KMPObservableViewModelSwiftUI */,
				1D0DA7DE293367DE0057DDAD /* Products */,
				1D0DA8112933715A0057DDAD /* Frameworks */,
			);
			sourceTree = "<group>";
		};
		1D0DA7DE293367DE0057DDAD /* Products */ = {
			isa = PBXGroup;
			children = (
				1D0DA7F8293369A80057DDAD /* KMPObservableViewModelCore.framework */,
				1D0DA808293370E60057DDAD /* KMPObservableViewModelSwiftUI.framework */,
				1D198B272933BFD900EF778D /* KMPObservableViewModelCoreObjC.framework */,
			);
			name = Products;
			sourceTree = "<group>";
		};
		1D0DA7F9293369A80057DDAD /* KMPObservableViewModelCore */ = {
			isa = PBXGroup;
			children = (
				1D6641DC2A5175C3000180D7 /* ChildViewModels.swift */,
				1DDAF21D293545DD0049C114 /* ViewModel.swift */,
				1D0DA80129336AD40057DDAD /* ObservableViewModel.swift */,
				1D43F3EB2ABAFCA600EB3DFE /* ObservableViewModelPublisher.swift */,
				1D43F3ED2ABAFD7D00EB3DFE /* ObservableViewModelPublishers.swift */,
			);
			path = KMPObservableViewModelCore;
			sourceTree = "<group>";
		};
		1D0DA809293370E60057DDAD /* KMPObservableViewModelSwiftUI */ = {
			isa = PBXGroup;
			children = (
				1D0DA80F293371040057DDAD /* ObservedViewModel.swift */,
				1D0DA819293375D20057DDAD /* ObservableViewModelProjection.swift */,
				1D0DA81B293381C20057DDAD /* StateViewModel.swift */,
				1D0DA81D293384EF0057DDAD /* EnvironmentViewModel.swift */,
			);
			path = KMPObservableViewModelSwiftUI;
			sourceTree = "<group>";
		};
		1D0DA8112933715A0057DDAD /* Frameworks */ = {
			isa = PBXGroup;
			children = (
			);
			name = Frameworks;
			sourceTree = "<group>";
		};
		1D198B282933BFD900EF778D /* KMPObservableViewModelCoreObjC */ = {
			isa = PBXGroup;
			children = (
				1D198B292933BFD900EF778D /* KMPObservableViewModelCoreObjC.h */,
				1D198B2F2933C01800EF778D /* KMPObservableViewModelCoreObjC.m */,
				1D198B2E2933C01800EF778D /* KMPOVMViewModelScope.h */,
			);
			path = KMPObservableViewModelCoreObjC;
			sourceTree = "<group>";
		};
/* End PBXGroup section */

/* Begin PBXHeadersBuildPhase section */
		1D0DA7F3293369A80057DDAD /* Headers */ = {
			isa = PBXHeadersBuildPhase;
			buildActionMask = 2147483647;
			files = (
			);
			runOnlyForDeploymentPostprocessing = 0;
		};
		1D0DA803293370E60057DDAD /* Headers */ = {
			isa = PBXHeadersBuildPhase;
			buildActionMask = 2147483647;
			files = (
			);
			runOnlyForDeploymentPostprocessing = 0;
		};
		1D198B222933BFD900EF778D /* Headers */ = {
			isa = PBXHeadersBuildPhase;
			buildActionMask = 2147483647;
			files = (
				1D198B2A2933BFD900EF778D /* KMPObservableViewModelCoreObjC.h in Headers */,
				1D198B302933C01800EF778D /* KMPOVMViewModelScope.h in Headers */,
			);
			runOnlyForDeploymentPostprocessing = 0;
		};
/* End PBXHeadersBuildPhase section */

/* Begin PBXNativeTarget section */
		1D0DA7F7293369A80057DDAD /* KMPObservableViewModelCore */ = {
			isa = PBXNativeTarget;
			buildConfigurationList = 1D0DA7FC293369A80057DDAD /* Build configuration list for PBXNativeTarget "KMPObservableViewModelCore" */;
			buildPhases = (
				1D0DA7F3293369A80057DDAD /* Headers */,
				1D0DA7F4293369A80057DDAD /* Sources */,
				1D0DA7F5293369A80057DDAD /* Frameworks */,
				1D0DA7F6293369A80057DDAD /* Resources */,
			);
			buildRules = (
			);
			dependencies = (
				1D198B352933C04400EF778D /* PBXTargetDependency */,
			);
			name = KMPObservableViewModelCore;
			productName = KMPObservableViewModelCore;
			productReference = 1D0DA7F8293369A80057DDAD /* KMPObservableViewModelCore.framework */;
			productType = "com.apple.product-type.framework";
		};
		1D0DA807293370E60057DDAD /* KMPObservableViewModelSwiftUI */ = {
			isa = PBXNativeTarget;
			buildConfigurationList = 1D0DA80C293370E60057DDAD /* Build configuration list for PBXNativeTarget "KMPObservableViewModelSwiftUI" */;
			buildPhases = (
				1D0DA803293370E60057DDAD /* Headers */,
				1D0DA804293370E60057DDAD /* Sources */,
				1D0DA805293370E60057DDAD /* Frameworks */,
				1D0DA806293370E60057DDAD /* Resources */,
			);
			buildRules = (
			);
			dependencies = (
				1D0DA8152933715A0057DDAD /* PBXTargetDependency */,
			);
			name = KMPObservableViewModelSwiftUI;
			productName = KMPObservableViewModelSwiftUI;
			productReference = 1D0DA808293370E60057DDAD /* KMPObservableViewModelSwiftUI.framework */;
			productType = "com.apple.product-type.framework";
		};
		1D198B262933BFD900EF778D /* KMPObservableViewModelCoreObjC */ = {
			isa = PBXNativeTarget;
			buildConfigurationList = 1D198B2B2933BFD900EF778D /* Build configuration list for PBXNativeTarget "KMPObservableViewModelCoreObjC" */;
			buildPhases = (
				1D198B222933BFD900EF778D /* Headers */,
				1D198B232933BFD900EF778D /* Sources */,
				1D198B242933BFD900EF778D /* Frameworks */,
				1D198B252933BFD900EF778D /* Resources */,
			);
			buildRules = (
			);
			dependencies = (
			);
			name = KMPObservableViewModelCoreObjC;
			productName = KMPObservableViewModelCoreObjC;
			productReference = 1D198B272933BFD900EF778D /* KMPObservableViewModelCoreObjC.framework */;
			productType = "com.apple.product-type.framework";
		};
/* End PBXNativeTarget section */

/* Begin PBXProject section */
		1D0DA7D4293367DE0057DDAD /* Project object */ = {
			isa = PBXProject;
			attributes = {
				BuildIndependentTargetsInParallel = 1;
				LastUpgradeCheck = 1400;
				TargetAttributes = {
					1D0DA7F7293369A80057DDAD = {
						CreatedOnToolsVersion = 14.0.1;
						LastSwiftMigration = 1400;
					};
					1D0DA807293370E60057DDAD = {
						CreatedOnToolsVersion = 14.0.1;
						LastSwiftMigration = 1400;
					};
					1D198B262933BFD900EF778D = {
						CreatedOnToolsVersion = 14.0.1;
					};
				};
			};
			buildConfigurationList = 1D0DA7D7293367DE0057DDAD /* Build configuration list for PBXProject "KMPObservableViewModel" */;
			compatibilityVersion = "Xcode 14.0";
			developmentRegion = en;
			hasScannedForEncodings = 0;
			knownRegions = (
				en,
				Base,
			);
			mainGroup = 1D0DA7D3293367DE0057DDAD;
			productRefGroup = 1D0DA7DE293367DE0057DDAD /* Products */;
			projectDirPath = "";
			projectRoot = "";
			targets = (
				1D0DA7F7293369A80057DDAD /* KMPObservableViewModelCore */,
				1D198B262933BFD900EF778D /* KMPObservableViewModelCoreObjC */,
				1D0DA807293370E60057DDAD /* KMPObservableViewModelSwiftUI */,
			);
		};
/* End PBXProject section */

/* Begin PBXResourcesBuildPhase section */
		1D0DA7F6293369A80057DDAD /* Resources */ = {
			isa = PBXResourcesBuildPhase;
			buildActionMask = 2147483647;
			files = (
			);
			runOnlyForDeploymentPostprocessing = 0;
		};
		1D0DA806293370E60057DDAD /* Resources */ = {
			isa = PBXResourcesBuildPhase;
			buildActionMask = 2147483647;
			files = (
			);
			runOnlyForDeploymentPostprocessing = 0;
		};
		1D198B252933BFD900EF778D /* Resources */ = {
			isa = PBXResourcesBuildPhase;
			buildActionMask = 2147483647;
			files = (
			);
			runOnlyForDeploymentPostprocessing = 0;
		};
/* End PBXResourcesBuildPhase section */

/* Begin PBXSourcesBuildPhase section */
		1D0DA7F4293369A80057DDAD /* Sources */ = {
			isa = PBXSourcesBuildPhase;
			buildActionMask = 2147483647;
			files = (
				1D43F3EE2ABAFD7D00EB3DFE /* ObservableViewModelPublishers.swift in Sources */,
				1D43F3EC2ABAFCA600EB3DFE /* ObservableViewModelPublisher.swift in Sources */,
				1DDAF21E293545DD0049C114 /* ViewModel.swift in Sources */,
				1D6641DD2A5175C3000180D7 /* ChildViewModels.swift in Sources */,
				1D0DA80229336AD40057DDAD /* ObservableViewModel.swift in Sources */,
			);
			runOnlyForDeploymentPostprocessing = 0;
		};
		1D0DA804293370E60057DDAD /* Sources */ = {
			isa = PBXSourcesBuildPhase;
			buildActionMask = 2147483647;
			files = (
				1D0DA81C293381C20057DDAD /* StateViewModel.swift in Sources */,
				1D0DA81A293375D20057DDAD /* ObservableViewModelProjection.swift in Sources */,
				1D0DA81E293384EF0057DDAD /* EnvironmentViewModel.swift in Sources */,
				1D0DA810293371040057DDAD /* ObservedViewModel.swift in Sources */,
			);
			runOnlyForDeploymentPostprocessing = 0;
		};
		1D198B232933BFD900EF778D /* Sources */ = {
			isa = PBXSourcesBuildPhase;
			buildActionMask = 2147483647;
			files = (
				1D198B312933C01800EF778D /* KMPObservableViewModelCoreObjC.m in Sources */,
			);
			runOnlyForDeploymentPostprocessing = 0;
		};
/* End PBXSourcesBuildPhase section */

/* Begin PBXTargetDependency section */
		1D0DA8152933715A0057DDAD /* PBXTargetDependency */ = {
			isa = PBXTargetDependency;
			target = 1D0DA7F7293369A80057DDAD /* KMPObservableViewModelCore */;
			targetProxy = 1D0DA8142933715A0057DDAD /* PBXContainerItemProxy */;
		};
		1D198B352933C04400EF778D /* PBXTargetDependency */ = {
			isa = PBXTargetDependency;
			target = 1D198B262933BFD900EF778D /* KMPObservableViewModelCoreObjC */;
			targetProxy = 1D198B342933C04400EF778D /* PBXContainerItemProxy */;
		};
/* End PBXTargetDependency section */

/* Begin XCBuildConfiguration section */
		1D0DA7E2293367DE0057DDAD /* Debug */ = {
			isa = XCBuildConfiguration;
			buildSettings = {
				ALWAYS_SEARCH_USER_PATHS = NO;
				CLANG_ANALYZER_NONNULL = YES;
				CLANG_ANALYZER_NUMBER_OBJECT_CONVERSION = YES_AGGRESSIVE;
				CLANG_CXX_LANGUAGE_STANDARD = "gnu++20";
				CLANG_ENABLE_MODULES = YES;
				CLANG_ENABLE_OBJC_ARC = YES;
				CLANG_ENABLE_OBJC_WEAK = YES;
				CLANG_WARN_BLOCK_CAPTURE_AUTORELEASING = YES;
				CLANG_WARN_BOOL_CONVERSION = YES;
				CLANG_WARN_COMMA = YES;
				CLANG_WARN_CONSTANT_CONVERSION = YES;
				CLANG_WARN_DEPRECATED_OBJC_IMPLEMENTATIONS = YES;
				CLANG_WARN_DIRECT_OBJC_ISA_USAGE = YES_ERROR;
				CLANG_WARN_DOCUMENTATION_COMMENTS = YES;
				CLANG_WARN_EMPTY_BODY = YES;
				CLANG_WARN_ENUM_CONVERSION = YES;
				CLANG_WARN_INFINITE_RECURSION = YES;
				CLANG_WARN_INT_CONVERSION = YES;
				CLANG_WARN_NON_LITERAL_NULL_CONVERSION = YES;
				CLANG_WARN_OBJC_IMPLICIT_RETAIN_SELF = YES;
				CLANG_WARN_OBJC_LITERAL_CONVERSION = YES;
				CLANG_WARN_OBJC_ROOT_CLASS = YES_ERROR;
				CLANG_WARN_QUOTED_INCLUDE_IN_FRAMEWORK_HEADER = YES;
				CLANG_WARN_RANGE_LOOP_ANALYSIS = YES;
				CLANG_WARN_STRICT_PROTOTYPES = YES;
				CLANG_WARN_SUSPICIOUS_MOVE = YES;
				CLANG_WARN_UNGUARDED_AVAILABILITY = YES_AGGRESSIVE;
				CLANG_WARN_UNREACHABLE_CODE = YES;
				CLANG_WARN__DUPLICATE_METHOD_MATCH = YES;
				COPY_PHASE_STRIP = NO;
				CURRENT_PROJECT_VERSION = 1;
				DEBUG_INFORMATION_FORMAT = dwarf;
				ENABLE_STRICT_OBJC_MSGSEND = YES;
				ENABLE_TESTABILITY = YES;
				GCC_C_LANGUAGE_STANDARD = gnu11;
				GCC_DYNAMIC_NO_PIC = NO;
				GCC_NO_COMMON_BLOCKS = YES;
				GCC_OPTIMIZATION_LEVEL = 0;
				GCC_PREPROCESSOR_DEFINITIONS = (
					"DEBUG=1",
					"$(inherited)",
				);
				GCC_WARN_64_TO_32_BIT_CONVERSION = YES;
				GCC_WARN_ABOUT_RETURN_TYPE = YES_ERROR;
				GCC_WARN_UNDECLARED_SELECTOR = YES;
				GCC_WARN_UNINITIALIZED_AUTOS = YES_AGGRESSIVE;
				GCC_WARN_UNUSED_FUNCTION = YES;
				GCC_WARN_UNUSED_VARIABLE = YES;
				IPHONEOS_DEPLOYMENT_TARGET = 13.0;
				MACOSX_DEPLOYMENT_TARGET = 10.15;
				MTL_ENABLE_DEBUG_INFO = INCLUDE_SOURCE;
				MTL_FAST_MATH = YES;
				ONLY_ACTIVE_ARCH = YES;
				SDKROOT = macosx;
				SUPPORTED_PLATFORMS = "iphonesimulator iphoneos macosx watchsimulator watchos appletvsimulator appletvos";
				SWIFT_ACTIVE_COMPILATION_CONDITIONS = DEBUG;
				SWIFT_OPTIMIZATION_LEVEL = "-Onone";
				TVOS_DEPLOYMENT_TARGET = 13.0;
				VERSIONING_SYSTEM = "apple-generic";
				VERSION_INFO_PREFIX = "";
				WATCHOS_DEPLOYMENT_TARGET = 6.0;
			};
			name = Debug;
		};
		1D0DA7E3293367DE0057DDAD /* Release */ = {
			isa = XCBuildConfiguration;
			buildSettings = {
				ALWAYS_SEARCH_USER_PATHS = NO;
				CLANG_ANALYZER_NONNULL = YES;
				CLANG_ANALYZER_NUMBER_OBJECT_CONVERSION = YES_AGGRESSIVE;
				CLANG_CXX_LANGUAGE_STANDARD = "gnu++20";
				CLANG_ENABLE_MODULES = YES;
				CLANG_ENABLE_OBJC_ARC = YES;
				CLANG_ENABLE_OBJC_WEAK = YES;
				CLANG_WARN_BLOCK_CAPTURE_AUTORELEASING = YES;
				CLANG_WARN_BOOL_CONVERSION = YES;
				CLANG_WARN_COMMA = YES;
				CLANG_WARN_CONSTANT_CONVERSION = YES;
				CLANG_WARN_DEPRECATED_OBJC_IMPLEMENTATIONS = YES;
				CLANG_WARN_DIRECT_OBJC_ISA_USAGE = YES_ERROR;
				CLANG_WARN_DOCUMENTATION_COMMENTS = YES;
				CLANG_WARN_EMPTY_BODY = YES;
				CLANG_WARN_ENUM_CONVERSION = YES;
				CLANG_WARN_INFINITE_RECURSION = YES;
				CLANG_WARN_INT_CONVERSION = YES;
				CLANG_WARN_NON_LITERAL_NULL_CONVERSION = YES;
				CLANG_WARN_OBJC_IMPLICIT_RETAIN_SELF = YES;
				CLANG_WARN_OBJC_LITERAL_CONVERSION = YES;
				CLANG_WARN_OBJC_ROOT_CLASS = YES_ERROR;
				CLANG_WARN_QUOTED_INCLUDE_IN_FRAMEWORK_HEADER = YES;
				CLANG_WARN_RANGE_LOOP_ANALYSIS = YES;
				CLANG_WARN_STRICT_PROTOTYPES = YES;
				CLANG_WARN_SUSPICIOUS_MOVE = YES;
				CLANG_WARN_UNGUARDED_AVAILABILITY = YES_AGGRESSIVE;
				CLANG_WARN_UNREACHABLE_CODE = YES;
				CLANG_WARN__DUPLICATE_METHOD_MATCH = YES;
				COPY_PHASE_STRIP = NO;
				CURRENT_PROJECT_VERSION = 1;
				DEBUG_INFORMATION_FORMAT = "dwarf-with-dsym";
				ENABLE_NS_ASSERTIONS = NO;
				ENABLE_STRICT_OBJC_MSGSEND = YES;
				GCC_C_LANGUAGE_STANDARD = gnu11;
				GCC_NO_COMMON_BLOCKS = YES;
				GCC_WARN_64_TO_32_BIT_CONVERSION = YES;
				GCC_WARN_ABOUT_RETURN_TYPE = YES_ERROR;
				GCC_WARN_UNDECLARED_SELECTOR = YES;
				GCC_WARN_UNINITIALIZED_AUTOS = YES_AGGRESSIVE;
				GCC_WARN_UNUSED_FUNCTION = YES;
				GCC_WARN_UNUSED_VARIABLE = YES;
				IPHONEOS_DEPLOYMENT_TARGET = 13.0;
				MACOSX_DEPLOYMENT_TARGET = 10.15;
				MTL_ENABLE_DEBUG_INFO = NO;
				MTL_FAST_MATH = YES;
				SDKROOT = macosx;
				SUPPORTED_PLATFORMS = "iphonesimulator iphoneos macosx watchsimulator watchos appletvsimulator appletvos";
				SWIFT_COMPILATION_MODE = wholemodule;
				SWIFT_OPTIMIZATION_LEVEL = "-O";
				TVOS_DEPLOYMENT_TARGET = 13.0;
				VERSIONING_SYSTEM = "apple-generic";
				VERSION_INFO_PREFIX = "";
				WATCHOS_DEPLOYMENT_TARGET = 6.0;
			};
			name = Release;
		};
		1D0DA7FD293369A80057DDAD /* Debug */ = {
			isa = XCBuildConfiguration;
			buildSettings = {
				CLANG_ENABLE_MODULES = YES;
				CODE_SIGN_STYLE = Automatic;
				CURRENT_PROJECT_VERSION = 1;
				DEFINES_MODULE = YES;
				DYLIB_COMPATIBILITY_VERSION = 1;
				DYLIB_CURRENT_VERSION = 1;
				DYLIB_INSTALL_NAME_BASE = "@rpath";
				GENERATE_INFOPLIST_FILE = YES;
				INFOPLIST_KEY_NSHumanReadableCopyright = "";
				INSTALL_PATH = "$(LOCAL_LIBRARY_DIR)/Frameworks";
				LD_RUNPATH_SEARCH_PATHS = (
					"@executable_path/Frameworks",
					"@loader_path/Frameworks",
				);
				"LD_RUNPATH_SEARCH_PATHS[sdk=macosx*]" = (
					"@executable_path/../Frameworks",
					"@loader_path/Frameworks",
				);
				MARKETING_VERSION = 1.0;
				PRODUCT_BUNDLE_IDENTIFIER = com.rickclephas.kmp.KMPObservableViewModelCore;
				PRODUCT_NAME = "$(TARGET_NAME:c99extidentifier)";
				SKIP_INSTALL = YES;
				SWIFT_EMIT_LOC_STRINGS = YES;
				SWIFT_OPTIMIZATION_LEVEL = "-Onone";
				SWIFT_VERSION = 5.0;
				TARGETED_DEVICE_FAMILY = "1,2";
			};
			name = Debug;
		};
		1D0DA7FE293369A80057DDAD /* Release */ = {
			isa = XCBuildConfiguration;
			buildSettings = {
				CLANG_ENABLE_MODULES = YES;
				CODE_SIGN_STYLE = Automatic;
				CURRENT_PROJECT_VERSION = 1;
				DEFINES_MODULE = YES;
				DYLIB_COMPATIBILITY_VERSION = 1;
				DYLIB_CURRENT_VERSION = 1;
				DYLIB_INSTALL_NAME_BASE = "@rpath";
				GENERATE_INFOPLIST_FILE = YES;
				INFOPLIST_KEY_NSHumanReadableCopyright = "";
				INSTALL_PATH = "$(LOCAL_LIBRARY_DIR)/Frameworks";
				LD_RUNPATH_SEARCH_PATHS = (
					"@executable_path/Frameworks",
					"@loader_path/Frameworks",
				);
				"LD_RUNPATH_SEARCH_PATHS[sdk=macosx*]" = (
					"@executable_path/../Frameworks",
					"@loader_path/Frameworks",
				);
				MARKETING_VERSION = 1.0;
				PRODUCT_BUNDLE_IDENTIFIER = com.rickclephas.kmp.KMPObservableViewModelCore;
				PRODUCT_NAME = "$(TARGET_NAME:c99extidentifier)";
				SKIP_INSTALL = YES;
				SWIFT_EMIT_LOC_STRINGS = YES;
				SWIFT_VERSION = 5.0;
				TARGETED_DEVICE_FAMILY = "1,2";
			};
			name = Release;
		};
		1D0DA80D293370E60057DDAD /* Debug */ = {
			isa = XCBuildConfiguration;
			buildSettings = {
				CLANG_ENABLE_MODULES = YES;
				CODE_SIGN_STYLE = Automatic;
				CURRENT_PROJECT_VERSION = 1;
				DEFINES_MODULE = YES;
				DYLIB_COMPATIBILITY_VERSION = 1;
				DYLIB_CURRENT_VERSION = 1;
				DYLIB_INSTALL_NAME_BASE = "@rpath";
				GENERATE_INFOPLIST_FILE = YES;
				INFOPLIST_KEY_NSHumanReadableCopyright = "";
				INSTALL_PATH = "$(LOCAL_LIBRARY_DIR)/Frameworks";
				LD_RUNPATH_SEARCH_PATHS = (
					"@executable_path/Frameworks",
					"@loader_path/Frameworks",
				);
				"LD_RUNPATH_SEARCH_PATHS[sdk=macosx*]" = (
					"@executable_path/../Frameworks",
					"@loader_path/Frameworks",
				);
				MARKETING_VERSION = 1.0;
				PRODUCT_BUNDLE_IDENTIFIER = com.rickclephas.kmp.KMPObservableViewModelSwiftUI;
				PRODUCT_NAME = "$(TARGET_NAME:c99extidentifier)";
				SKIP_INSTALL = YES;
				SWIFT_EMIT_LOC_STRINGS = YES;
				SWIFT_OPTIMIZATION_LEVEL = "-Onone";
				SWIFT_VERSION = 5.0;
				TARGETED_DEVICE_FAMILY = "1,2";
			};
			name = Debug;
		};
		1D0DA80E293370E60057DDAD /* Release */ = {
			isa = XCBuildConfiguration;
			buildSettings = {
				CLANG_ENABLE_MODULES = YES;
				CODE_SIGN_STYLE = Automatic;
				CURRENT_PROJECT_VERSION = 1;
				DEFINES_MODULE = YES;
				DYLIB_COMPATIBILITY_VERSION = 1;
				DYLIB_CURRENT_VERSION = 1;
				DYLIB_INSTALL_NAME_BASE = "@rpath";
				GENERATE_INFOPLIST_FILE = YES;
				INFOPLIST_KEY_NSHumanReadableCopyright = "";
				INSTALL_PATH = "$(LOCAL_LIBRARY_DIR)/Frameworks";
				LD_RUNPATH_SEARCH_PATHS = (
					"@executable_path/Frameworks",
					"@loader_path/Frameworks",
				);
				"LD_RUNPATH_SEARCH_PATHS[sdk=macosx*]" = (
					"@executable_path/../Frameworks",
					"@loader_path/Frameworks",
				);
				MARKETING_VERSION = 1.0;
				PRODUCT_BUNDLE_IDENTIFIER = com.rickclephas.kmp.KMPObservableViewModelSwiftUI;
				PRODUCT_NAME = "$(TARGET_NAME:c99extidentifier)";
				SKIP_INSTALL = YES;
				SWIFT_EMIT_LOC_STRINGS = YES;
				SWIFT_VERSION = 5.0;
				TARGETED_DEVICE_FAMILY = "1,2";
			};
			name = Release;
		};
		1D198B2C2933BFD900EF778D /* Debug */ = {
			isa = XCBuildConfiguration;
			buildSettings = {
				CODE_SIGN_STYLE = Automatic;
				CURRENT_PROJECT_VERSION = 1;
				DEFINES_MODULE = YES;
				DYLIB_COMPATIBILITY_VERSION = 1;
				DYLIB_CURRENT_VERSION = 1;
				DYLIB_INSTALL_NAME_BASE = "@rpath";
				GENERATE_INFOPLIST_FILE = YES;
				INFOPLIST_KEY_NSHumanReadableCopyright = "";
				INSTALL_PATH = "$(LOCAL_LIBRARY_DIR)/Frameworks";
				LD_RUNPATH_SEARCH_PATHS = (
					"@executable_path/Frameworks",
					"@loader_path/Frameworks",
				);
				"LD_RUNPATH_SEARCH_PATHS[sdk=macosx*]" = (
					"@executable_path/../Frameworks",
					"@loader_path/Frameworks",
				);
				MARKETING_VERSION = 1.0;
				PRODUCT_BUNDLE_IDENTIFIER = com.rickclephas.kmp.KMPObservableViewModelCoreObjC;
				PRODUCT_NAME = "$(TARGET_NAME:c99extidentifier)";
				SKIP_INSTALL = YES;
				SWIFT_EMIT_LOC_STRINGS = YES;
				SWIFT_VERSION = 5.0;
				TARGETED_DEVICE_FAMILY = "1,2";
			};
			name = Debug;
		};
		1D198B2D2933BFD900EF778D /* Release */ = {
			isa = XCBuildConfiguration;
			buildSettings = {
				CODE_SIGN_STYLE = Automatic;
				CURRENT_PROJECT_VERSION = 1;
				DEFINES_MODULE = YES;
				DYLIB_COMPATIBILITY_VERSION = 1;
				DYLIB_CURRENT_VERSION = 1;
				DYLIB_INSTALL_NAME_BASE = "@rpath";
				GENERATE_INFOPLIST_FILE = YES;
				INFOPLIST_KEY_NSHumanReadableCopyright = "";
				INSTALL_PATH = "$(LOCAL_LIBRARY_DIR)/Frameworks";
				LD_RUNPATH_SEARCH_PATHS = (
					"@executable_path/Frameworks",
					"@loader_path/Frameworks",
				);
				"LD_RUNPATH_SEARCH_PATHS[sdk=macosx*]" = (
					"@executable_path/../Frameworks",
					"@loader_path/Frameworks",
				);
				MARKETING_VERSION = 1.0;
				PRODUCT_BUNDLE_IDENTIFIER = com.rickclephas.kmp.KMPObservableViewModelCoreObjC;
				PRODUCT_NAME = "$(TARGET_NAME:c99extidentifier)";
				SKIP_INSTALL = YES;
				SWIFT_EMIT_LOC_STRINGS = YES;
				SWIFT_VERSION = 5.0;
				TARGETED_DEVICE_FAMILY = "1,2";
			};
			name = Release;
		};
/* End XCBuildConfiguration section */

/* Begin XCConfigurationList section */
		1D0DA7D7293367DE0057DDAD /* Build configuration list for PBXProject "KMPObservableViewModel" */ = {
			isa = XCConfigurationList;
			buildConfigurations = (
				1D0DA7E2293367DE0057DDAD /* Debug */,
				1D0DA7E3293367DE0057DDAD /* Release */,
			);
			defaultConfigurationIsVisible = 0;
			defaultConfigurationName = Release;
		};
		1D0DA7FC293369A80057DDAD /* Build configuration list for PBXNativeTarget "KMPObservableViewModelCore" */ = {
			isa = XCConfigurationList;
			buildConfigurations = (
				1D0DA7FD293369A80057DDAD /* Debug */,
				1D0DA7FE293369A80057DDAD /* Release */,
			);
			defaultConfigurationIsVisible = 0;
			defaultConfigurationName = Release;
		};
		1D0DA80C293370E60057DDAD /* Build configuration list for PBXNativeTarget "KMPObservableViewModelSwiftUI" */ = {
			isa = XCConfigurationList;
			buildConfigurations = (
				1D0DA80D293370E60057DDAD /* Debug */,
				1D0DA80E293370E60057DDAD /* Release */,
			);
			defaultConfigurationIsVisible = 0;
			defaultConfigurationName = Release;
		};
		1D198B2B2933BFD900EF778D /* Build configuration list for PBXNativeTarget "KMPObservableViewModelCoreObjC" */ = {
			isa = XCConfigurationList;
			buildConfigurations = (
				1D198B2C2933BFD900EF778D /* Debug */,
				1D198B2D2933BFD900EF778D /* Release */,
			);
			defaultConfigurationIsVisible = 0;
			defaultConfigurationName = Release;
		};
/* End XCConfigurationList section */
	};
	rootObject = 1D0DA7D4293367DE0057DDAD /* Project object */;
}
