// !$*UTF8*$!
{
	archiveVersion = 1;
	classes = {
	};
	objectVersion = 56;
	objects = {

/* Begin PBXBuildFile section */
		1D44EF78292C066B00465C43 /* KMMViewModelSampleApp.swift in Sources */ = {isa = PBXBuildFile; fileRef = 1D44EF77292C066B00465C43 /* KMMViewModelSampleApp.swift */; };
		1D44EF7A292C066B00465C43 /* ContentView.swift in Sources */ = {isa = PBXBuildFile; fileRef = 1D44EF79292C066B00465C43 /* ContentView.swift */; };
		1D44EF7C292C066C00465C43 /* Assets.xcassets in Resources */ = {isa = PBXBuildFile; fileRef = 1D44EF7B292C066C00465C43 /* Assets.xcassets */; };
		1D44EF7F292C066C00465C43 /* Preview Assets.xcassets in Resources */ = {isa = PBXBuildFile; fileRef = 1D44EF7E292C066C00465C43 /* Preview Assets.xcassets */; };
		1D44EF89292C066C00465C43 /* KMMViewModelSampleTests.swift in Sources */ = {isa = PBXBuildFile; fileRef = 1D44EF88292C066C00465C43 /* KMMViewModelSampleTests.swift */; };
		1D44EF93292C066C00465C43 /* KMMViewModelSampleUITests.swift in Sources */ = {isa = PBXBuildFile; fileRef = 1D44EF92292C066C00465C43 /* KMMViewModelSampleUITests.swift */; };
		1D44EF95292C066C00465C43 /* KMMViewModelSampleUITestsLaunchTests.swift in Sources */ = {isa = PBXBuildFile; fileRef = 1D44EF94292C066C00465C43 /* KMMViewModelSampleUITestsLaunchTests.swift */; };
		1DCF89AB2933929400A4C54A /* KMMViewModelSwiftUI in Frameworks */ = {isa = PBXBuildFile; productRef = 1DCF89AA2933929400A4C54A /* KMMViewModelSwiftUI */; };
/* End PBXBuildFile section */

/* Begin PBXContainerItemProxy section */
		1D44EF85292C066C00465C43 /* PBXContainerItemProxy */ = {
			isa = PBXContainerItemProxy;
			containerPortal = 1D44EF6C292C066B00465C43 /* Project object */;
			proxyType = 1;
			remoteGlobalIDString = 1D44EF73292C066B00465C43;
			remoteInfo = KMMViewModelSample;
		};
		1D44EF8F292C066C00465C43 /* PBXContainerItemProxy */ = {
			isa = PBXContainerItemProxy;
			containerPortal = 1D44EF6C292C066B00465C43 /* Project object */;
			proxyType = 1;
			remoteGlobalIDString = 1D44EF73292C066B00465C43;
			remoteInfo = KMMViewModelSample;
		};
/* End PBXContainerItemProxy section */

/* Begin PBXFileReference section */
		1D198B1A2933AFDE00EF778D /* KMMViewModelCore.framework */ = {isa = PBXFileReference; lastKnownFileType = wrapper.framework; name = KMMViewModelCore.framework; path = "../../.build-core-xcf/KMMViewModelCore.xcframework/ios-arm64_x86_64-simulator/KMMViewModelCore.framework"; sourceTree = "<group>"; };
		1D44EF74292C066B00465C43 /* KMMViewModelSample.app */ = {isa = PBXFileReference; explicitFileType = wrapper.application; includeInIndex = 0; path = KMMViewModelSample.app; sourceTree = BUILT_PRODUCTS_DIR; };
		1D44EF77292C066B00465C43 /* KMMViewModelSampleApp.swift */ = {isa = PBXFileReference; lastKnownFileType = sourcecode.swift; path = KMMViewModelSampleApp.swift; sourceTree = "<group>"; };
		1D44EF79292C066B00465C43 /* ContentView.swift */ = {isa = PBXFileReference; lastKnownFileType = sourcecode.swift; path = ContentView.swift; sourceTree = "<group>"; };
		1D44EF7B292C066C00465C43 /* Assets.xcassets */ = {isa = PBXFileReference; lastKnownFileType = folder.assetcatalog; path = Assets.xcassets; sourceTree = "<group>"; };
		1D44EF7E292C066C00465C43 /* Preview Assets.xcassets */ = {isa = PBXFileReference; lastKnownFileType = folder.assetcatalog; path = "Preview Assets.xcassets"; sourceTree = "<group>"; };
		1D44EF84292C066C00465C43 /* KMMViewModelSampleTests.xctest */ = {isa = PBXFileReference; explicitFileType = wrapper.cfbundle; includeInIndex = 0; path = KMMViewModelSampleTests.xctest; sourceTree = BUILT_PRODUCTS_DIR; };
		1D44EF88292C066C00465C43 /* KMMViewModelSampleTests.swift */ = {isa = PBXFileReference; lastKnownFileType = sourcecode.swift; path = KMMViewModelSampleTests.swift; sourceTree = "<group>"; };
		1D44EF8E292C066C00465C43 /* KMMViewModelSampleUITests.xctest */ = {isa = PBXFileReference; explicitFileType = wrapper.cfbundle; includeInIndex = 0; path = KMMViewModelSampleUITests.xctest; sourceTree = BUILT_PRODUCTS_DIR; };
		1D44EF92292C066C00465C43 /* KMMViewModelSampleUITests.swift */ = {isa = PBXFileReference; lastKnownFileType = sourcecode.swift; path = KMMViewModelSampleUITests.swift; sourceTree = "<group>"; };
		1D44EF94292C066C00465C43 /* KMMViewModelSampleUITestsLaunchTests.swift */ = {isa = PBXFileReference; lastKnownFileType = sourcecode.swift; path = KMMViewModelSampleUITestsLaunchTests.swift; sourceTree = "<group>"; };
		1DCF89A82933928600A4C54A /* KMM-ViewModel */ = {isa = PBXFileReference; lastKnownFileType = wrapper; name = "KMM-ViewModel"; path = ../..; sourceTree = "<group>"; };
/* End PBXFileReference section */

/* Begin PBXFrameworksBuildPhase section */
		1D44EF71292C066B00465C43 /* Frameworks */ = {
			isa = PBXFrameworksBuildPhase;
			buildActionMask = 2147483647;
			files = (
				1DCF89AB2933929400A4C54A /* KMMViewModelSwiftUI in Frameworks */,
			);
			runOnlyForDeploymentPostprocessing = 0;
		};
		1D44EF81292C066C00465C43 /* Frameworks */ = {
			isa = PBXFrameworksBuildPhase;
			buildActionMask = 2147483647;
			files = (
			);
			runOnlyForDeploymentPostprocessing = 0;
		};
		1D44EF8B292C066C00465C43 /* Frameworks */ = {
			isa = PBXFrameworksBuildPhase;
			buildActionMask = 2147483647;
			files = (
			);
			runOnlyForDeploymentPostprocessing = 0;
		};
/* End PBXFrameworksBuildPhase section */

/* Begin PBXGroup section */
		1D44EF6B292C066B00465C43 = {
			isa = PBXGroup;
			children = (
				1DCF89A72933928600A4C54A /* Packages */,
				1D44EF76292C066B00465C43 /* KMMViewModelSample */,
				1D44EF87292C066C00465C43 /* KMMViewModelSampleTests */,
				1D44EF91292C066C00465C43 /* KMMViewModelSampleUITests */,
				1D44EF75292C066B00465C43 /* Products */,
				1DCF89A92933929400A4C54A /* Frameworks */,
			);
			sourceTree = "<group>";
		};
		1D44EF75292C066B00465C43 /* Products */ = {
			isa = PBXGroup;
			children = (
				1D44EF74292C066B00465C43 /* KMMViewModelSample.app */,
				1D44EF84292C066C00465C43 /* KMMViewModelSampleTests.xctest */,
				1D44EF8E292C066C00465C43 /* KMMViewModelSampleUITests.xctest */,
			);
			name = Products;
			sourceTree = "<group>";
		};
		1D44EF76292C066B00465C43 /* KMMViewModelSample */ = {
			isa = PBXGroup;
			children = (
				1D44EF77292C066B00465C43 /* KMMViewModelSampleApp.swift */,
				1D44EF79292C066B00465C43 /* ContentView.swift */,
				1D44EF7B292C066C00465C43 /* Assets.xcassets */,
				1D44EF7D292C066C00465C43 /* Preview Content */,
			);
			path = KMMViewModelSample;
			sourceTree = "<group>";
		};
		1D44EF7D292C066C00465C43 /* Preview Content */ = {
			isa = PBXGroup;
			children = (
				1D44EF7E292C066C00465C43 /* Preview Assets.xcassets */,
			);
			path = "Preview Content";
			sourceTree = "<group>";
		};
		1D44EF87292C066C00465C43 /* KMMViewModelSampleTests */ = {
			isa = PBXGroup;
			children = (
				1D44EF88292C066C00465C43 /* KMMViewModelSampleTests.swift */,
			);
			path = KMMViewModelSampleTests;
			sourceTree = "<group>";
		};
		1D44EF91292C066C00465C43 /* KMMViewModelSampleUITests */ = {
			isa = PBXGroup;
			children = (
				1D44EF92292C066C00465C43 /* KMMViewModelSampleUITests.swift */,
				1D44EF94292C066C00465C43 /* KMMViewModelSampleUITestsLaunchTests.swift */,
			);
			path = KMMViewModelSampleUITests;
			sourceTree = "<group>";
		};
		1DCF89A72933928600A4C54A /* Packages */ = {
			isa = PBXGroup;
			children = (
				1DCF89A82933928600A4C54A /* KMM-ViewModel */,
			);
			name = Packages;
			sourceTree = "<group>";
		};
		1DCF89A92933929400A4C54A /* Frameworks */ = {
			isa = PBXGroup;
			children = (
				1D198B1A2933AFDE00EF778D /* KMMViewModelCore.framework */,
			);
			name = Frameworks;
			sourceTree = "<group>";
		};
/* End PBXGroup section */

/* Begin PBXNativeTarget section */
		1D44EF73292C066B00465C43 /* KMMViewModelSample */ = {
			isa = PBXNativeTarget;
			buildConfigurationList = 1D44EF98292C066C00465C43 /* Build configuration list for PBXNativeTarget "KMMViewModelSample" */;
			buildPhases = (
				1D44EFA1292C06EB00465C43 /* ShellScript */,
				1D44EF70292C066B00465C43 /* Sources */,
				1D44EF71292C066B00465C43 /* Frameworks */,
				1D44EF72292C066B00465C43 /* Resources */,
			);
			buildRules = (
			);
			dependencies = (
			);
			name = KMMViewModelSample;
			packageProductDependencies = (
				1DCF89AA2933929400A4C54A /* KMMViewModelSwiftUI */,
			);
			productName = KMMViewModelSample;
			productReference = 1D44EF74292C066B00465C43 /* KMMViewModelSample.app */;
			productType = "com.apple.product-type.application";
		};
		1D44EF83292C066C00465C43 /* KMMViewModelSampleTests */ = {
			isa = PBXNativeTarget;
			buildConfigurationList = 1D44EF9B292C066C00465C43 /* Build configuration list for PBXNativeTarget "KMMViewModelSampleTests" */;
			buildPhases = (
				1D44EF80292C066C00465C43 /* Sources */,
				1D44EF81292C066C00465C43 /* Frameworks */,
				1D44EF82292C066C00465C43 /* Resources */,
			);
			buildRules = (
			);
			dependencies = (
				1D44EF86292C066C00465C43 /* PBXTargetDependency */,
			);
			name = KMMViewModelSampleTests;
			productName = KMMViewModelSampleTests;
			productReference = 1D44EF84292C066C00465C43 /* KMMViewModelSampleTests.xctest */;
			productType = "com.apple.product-type.bundle.unit-test";
		};
		1D44EF8D292C066C00465C43 /* KMMViewModelSampleUITests */ = {
			isa = PBXNativeTarget;
			buildConfigurationList = 1D44EF9E292C066C00465C43 /* Build configuration list for PBXNativeTarget "KMMViewModelSampleUITests" */;
			buildPhases = (
				1D44EF8A292C066C00465C43 /* Sources */,
				1D44EF8B292C066C00465C43 /* Frameworks */,
				1D44EF8C292C066C00465C43 /* Resources */,
			);
			buildRules = (
			);
			dependencies = (
				1D44EF90292C066C00465C43 /* PBXTargetDependency */,
			);
			name = KMMViewModelSampleUITests;
			productName = KMMViewModelSampleUITests;
			productReference = 1D44EF8E292C066C00465C43 /* KMMViewModelSampleUITests.xctest */;
			productType = "com.apple.product-type.bundle.ui-testing";
		};
/* End PBXNativeTarget section */

/* Begin PBXProject section */
		1D44EF6C292C066B00465C43 /* Project object */ = {
			isa = PBXProject;
			attributes = {
				BuildIndependentTargetsInParallel = 1;
				LastSwiftUpdateCheck = 1400;
				LastUpgradeCheck = 1400;
				TargetAttributes = {
					1D44EF73292C066B00465C43 = {
						CreatedOnToolsVersion = 14.0.1;
					};
					1D44EF83292C066C00465C43 = {
						CreatedOnToolsVersion = 14.0.1;
						TestTargetID = 1D44EF73292C066B00465C43;
					};
					1D44EF8D292C066C00465C43 = {
						CreatedOnToolsVersion = 14.0.1;
						TestTargetID = 1D44EF73292C066B00465C43;
					};
				};
			};
			buildConfigurationList = 1D44EF6F292C066B00465C43 /* Build configuration list for PBXProject "KMMViewModelSample" */;
			compatibilityVersion = "Xcode 14.0";
			developmentRegion = en;
			hasScannedForEncodings = 0;
			knownRegions = (
				en,
				Base,
			);
			mainGroup = 1D44EF6B292C066B00465C43;
			productRefGroup = 1D44EF75292C066B00465C43 /* Products */;
			projectDirPath = "";
			projectRoot = "";
			targets = (
				1D44EF73292C066B00465C43 /* KMMViewModelSample */,
				1D44EF83292C066C00465C43 /* KMMViewModelSampleTests */,
				1D44EF8D292C066C00465C43 /* KMMViewModelSampleUITests */,
			);
		};
/* End PBXProject section */

/* Begin PBXResourcesBuildPhase section */
		1D44EF72292C066B00465C43 /* Resources */ = {
			isa = PBXResourcesBuildPhase;
			buildActionMask = 2147483647;
			files = (
				1D44EF7F292C066C00465C43 /* Preview Assets.xcassets in Resources */,
				1D44EF7C292C066C00465C43 /* Assets.xcassets in Resources */,
			);
			runOnlyForDeploymentPostprocessing = 0;
		};
		1D44EF82292C066C00465C43 /* Resources */ = {
			isa = PBXResourcesBuildPhase;
			buildActionMask = 2147483647;
			files = (
			);
			runOnlyForDeploymentPostprocessing = 0;
		};
		1D44EF8C292C066C00465C43 /* Resources */ = {
			isa = PBXResourcesBuildPhase;
			buildActionMask = 2147483647;
			files = (
			);
			runOnlyForDeploymentPostprocessing = 0;
		};
/* End PBXResourcesBuildPhase section */

/* Begin PBXShellScriptBuildPhase section */
		1D44EFA1292C06EB00465C43 /* ShellScript */ = {
			isa = PBXShellScriptBuildPhase;
			buildActionMask = 2147483647;
			files = (
			);
			inputFileListPaths = (
			);
			inputPaths = (
			);
			outputFileListPaths = (
			);
			outputPaths = (
			);
			runOnlyForDeploymentPostprocessing = 0;
			shellPath = /bin/sh;
			shellScript = "cd \"$SRCROOT/..\"\n./gradlew :shared:embedAndSignAppleFrameworkForXcode\n";
		};
/* End PBXShellScriptBuildPhase section */

/* Begin PBXSourcesBuildPhase section */
		1D44EF70292C066B00465C43 /* Sources */ = {
			isa = PBXSourcesBuildPhase;
			buildActionMask = 2147483647;
			files = (
				1D44EF7A292C066B00465C43 /* ContentView.swift in Sources */,
				1D44EF78292C066B00465C43 /* KMMViewModelSampleApp.swift in Sources */,
			);
			runOnlyForDeploymentPostprocessing = 0;
		};
		1D44EF80292C066C00465C43 /* Sources */ = {
			isa = PBXSourcesBuildPhase;
			buildActionMask = 2147483647;
			files = (
				1D44EF89292C066C00465C43 /* KMMViewModelSampleTests.swift in Sources */,
			);
			runOnlyForDeploymentPostprocessing = 0;
		};
		1D44EF8A292C066C00465C43 /* Sources */ = {
			isa = PBXSourcesBuildPhase;
			buildActionMask = 2147483647;
			files = (
				1D44EF93292C066C00465C43 /* KMMViewModelSampleUITests.swift in Sources */,
				1D44EF95292C066C00465C43 /* KMMViewModelSampleUITestsLaunchTests.swift in Sources */,
			);
			runOnlyForDeploymentPostprocessing = 0;
		};
/* End PBXSourcesBuildPhase section */

/* Begin PBXTargetDependency section */
		1D44EF86292C066C00465C43 /* PBXTargetDependency */ = {
			isa = PBXTargetDependency;
			target = 1D44EF73292C066B00465C43 /* KMMViewModelSample */;
			targetProxy = 1D44EF85292C066C00465C43 /* PBXContainerItemProxy */;
		};
		1D44EF90292C066C00465C43 /* PBXTargetDependency */ = {
			isa = PBXTargetDependency;
			target = 1D44EF73292C066B00465C43 /* KMMViewModelSample */;
			targetProxy = 1D44EF8F292C066C00465C43 /* PBXContainerItemProxy */;
		};
/* End PBXTargetDependency section */

/* Begin XCBuildConfiguration section */
		1D44EF96292C066C00465C43 /* Debug */ = {
			isa = XCBuildConfiguration;
			buildSettings = {
				ALWAYS_SEARCH_USER_PATHS = NO;
				CLANG_ANALYZER_NONNULL = YES;
				CLANG_ANALYZER_NUMBER_OBJECT_CONVERSION = YES_AGGRESSIVE;
				CLANG_CXX_LANGUAGE_STANDARD = "gnu++20";
				CLANG_ENABLE_MODULES = YES;
				CLANG_ENABLE_OBJC_ARC = YES;
				CLANG_ENABLE_OBJC_WEAK = YES;
				CLANG_WARN_BLOCK_CAPTURE_AUTORELEASING = YES;
				CLANG_WARN_BOOL_CONVERSION = YES;
				CLANG_WARN_COMMA = YES;
				CLANG_WARN_CONSTANT_CONVERSION = YES;
				CLANG_WARN_DEPRECATED_OBJC_IMPLEMENTATIONS = YES;
				CLANG_WARN_DIRECT_OBJC_ISA_USAGE = YES_ERROR;
				CLANG_WARN_DOCUMENTATION_COMMENTS = YES;
				CLANG_WARN_EMPTY_BODY = YES;
				CLANG_WARN_ENUM_CONVERSION = YES;
				CLANG_WARN_INFINITE_RECURSION = YES;
				CLANG_WARN_INT_CONVERSION = YES;
				CLANG_WARN_NON_LITERAL_NULL_CONVERSION = YES;
				CLANG_WARN_OBJC_IMPLICIT_RETAIN_SELF = YES;
				CLANG_WARN_OBJC_LITERAL_CONVERSION = YES;
				CLANG_WARN_OBJC_ROOT_CLASS = YES_ERROR;
				CLANG_WARN_QUOTED_INCLUDE_IN_FRAMEWORK_HEADER = YES;
				CLANG_WARN_RANGE_LOOP_ANALYSIS = YES;
				CLANG_WARN_STRICT_PROTOTYPES = YES;
				CLANG_WARN_SUSPICIOUS_MOVE = YES;
				CLANG_WARN_UNGUARDED_AVAILABILITY = YES_AGGRESSIVE;
				CLANG_WARN_UNREACHABLE_CODE = YES;
				CLANG_WARN__DUPLICATE_METHOD_MATCH = YES;
				COPY_PHASE_STRIP = NO;
				DEBUG_INFORMATION_FORMAT = dwarf;
				ENABLE_STRICT_OBJC_MSGSEND = YES;
				ENABLE_TESTABILITY = YES;
				GCC_C_LANGUAGE_STANDARD = gnu11;
				GCC_DYNAMIC_NO_PIC = NO;
				GCC_NO_COMMON_BLOCKS = YES;
				GCC_OPTIMIZATION_LEVEL = 0;
				GCC_PREPROCESSOR_DEFINITIONS = (
					"DEBUG=1",
					"$(inherited)",
				);
				GCC_WARN_64_TO_32_BIT_CONVERSION = YES;
				GCC_WARN_ABOUT_RETURN_TYPE = YES_ERROR;
				GCC_WARN_UNDECLARED_SELECTOR = YES;
				GCC_WARN_UNINITIALIZED_AUTOS = YES_AGGRESSIVE;
				GCC_WARN_UNUSED_FUNCTION = YES;
				GCC_WARN_UNUSED_VARIABLE = YES;
				IPHONEOS_DEPLOYMENT_TARGET = 16.0;
				MTL_ENABLE_DEBUG_INFO = INCLUDE_SOURCE;
				MTL_FAST_MATH = YES;
				ONLY_ACTIVE_ARCH = YES;
				SDKROOT = iphoneos;
				SWIFT_ACTIVE_COMPILATION_CONDITIONS = DEBUG;
				SWIFT_OPTIMIZATION_LEVEL = "-Onone";
			};
			name = Debug;
		};
		1D44EF97292C066C00465C43 /* Release */ = {
			isa = XCBuildConfiguration;
			buildSettings = {
				ALWAYS_SEARCH_USER_PATHS = NO;
				CLANG_ANALYZER_NONNULL = YES;
				CLANG_ANALYZER_NUMBER_OBJECT_CONVERSION = YES_AGGRESSIVE;
				CLANG_CXX_LANGUAGE_STANDARD = "gnu++20";
				CLANG_ENABLE_MODULES = YES;
				CLANG_ENABLE_OBJC_ARC = YES;
				CLANG_ENABLE_OBJC_WEAK = YES;
				CLANG_WARN_BLOCK_CAPTURE_AUTORELEASING = YES;
				CLANG_WARN_BOOL_CONVERSION = YES;
				CLANG_WARN_COMMA = YES;
				CLANG_WARN_CONSTANT_CONVERSION = YES;
				CLANG_WARN_DEPRECATED_OBJC_IMPLEMENTATIONS = YES;
				CLANG_WARN_DIRECT_OBJC_ISA_USAGE = YES_ERROR;
				CLANG_WARN_DOCUMENTATION_COMMENTS = YES;
				CLANG_WARN_EMPTY_BODY = YES;
				CLANG_WARN_ENUM_CONVERSION = YES;
				CLANG_WARN_INFINITE_RECURSION = YES;
				CLANG_WARN_INT_CONVERSION = YES;
				CLANG_WARN_NON_LITERAL_NULL_CONVERSION = YES;
				CLANG_WARN_OBJC_IMPLICIT_RETAIN_SELF = YES;
				CLANG_WARN_OBJC_LITERAL_CONVERSION = YES;
				CLANG_WARN_OBJC_ROOT_CLASS = YES_ERROR;
				CLANG_WARN_QUOTED_INCLUDE_IN_FRAMEWORK_HEADER = YES;
				CLANG_WARN_RANGE_LOOP_ANALYSIS = YES;
				CLANG_WARN_STRICT_PROTOTYPES = YES;
				CLANG_WARN_SUSPICIOUS_MOVE = YES;
				CLANG_WARN_UNGUARDED_AVAILABILITY = YES_AGGRESSIVE;
				CLANG_WARN_UNREACHABLE_CODE = YES;
				CLANG_WARN__DUPLICATE_METHOD_MATCH = YES;
				COPY_PHASE_STRIP = NO;
				DEBUG_INFORMATION_FORMAT = "dwarf-with-dsym";
				ENABLE_NS_ASSERTIONS = NO;
				ENABLE_STRICT_OBJC_MSGSEND = YES;
				GCC_C_LANGUAGE_STANDARD = gnu11;
				GCC_NO_COMMON_BLOCKS = YES;
				GCC_WARN_64_TO_32_BIT_CONVERSION = YES;
				GCC_WARN_ABOUT_RETURN_TYPE = YES_ERROR;
				GCC_WARN_UNDECLARED_SELECTOR = YES;
				GCC_WARN_UNINITIALIZED_AUTOS = YES_AGGRESSIVE;
				GCC_WARN_UNUSED_FUNCTION = YES;
				GCC_WARN_UNUSED_VARIABLE = YES;
				IPHONEOS_DEPLOYMENT_TARGET = 16.0;
				MTL_ENABLE_DEBUG_INFO = NO;
				MTL_FAST_MATH = YES;
				SDKROOT = iphoneos;
				SWIFT_COMPILATION_MODE = wholemodule;
				SWIFT_OPTIMIZATION_LEVEL = "-O";
				VALIDATE_PRODUCT = YES;
			};
			name = Release;
		};
		1D44EF99292C066C00465C43 /* Debug */ = {
			isa = XCBuildConfiguration;
			buildSettings = {
				ASSETCATALOG_COMPILER_APPICON_NAME = AppIcon;
				ASSETCATALOG_COMPILER_GLOBAL_ACCENT_COLOR_NAME = AccentColor;
				CODE_SIGN_STYLE = Automatic;
				CURRENT_PROJECT_VERSION = 1;
				DEVELOPMENT_ASSET_PATHS = "\"KMMViewModelSample/Preview Content\"";
				ENABLE_PREVIEWS = YES;
				FRAMEWORK_SEARCH_PATHS = "$(SRCROOT)/../shared/build/xcode-frameworks/$(CONFIGURATION)/$(SDK_NAME)";
				GENERATE_INFOPLIST_FILE = YES;
				INFOPLIST_KEY_UIApplicationSceneManifest_Generation = YES;
				INFOPLIST_KEY_UIApplicationSupportsIndirectInputEvents = YES;
				INFOPLIST_KEY_UILaunchScreen_Generation = YES;
				INFOPLIST_KEY_UISupportedInterfaceOrientations_iPad = "UIInterfaceOrientationPortrait UIInterfaceOrientationPortraitUpsideDown UIInterfaceOrientationLandscapeLeft UIInterfaceOrientationLandscapeRight";
				INFOPLIST_KEY_UISupportedInterfaceOrientations_iPhone = "UIInterfaceOrientationPortrait UIInterfaceOrientationLandscapeLeft UIInterfaceOrientationLandscapeRight";
				LD_RUNPATH_SEARCH_PATHS = (
					"$(inherited)",
					"@executable_path/Frameworks",
				);
				MARKETING_VERSION = 1.0;
				OTHER_LDFLAGS = (
					"$(inherited)",
					"-framework",
					KMMViewModelSampleShared,
				);
				PRODUCT_BUNDLE_IDENTIFIER = com.rickclephas.kmm.viewmodel.sample;
				PRODUCT_NAME = "$(TARGET_NAME)";
				SWIFT_EMIT_LOC_STRINGS = YES;
				SWIFT_VERSION = 5.0;
				TARGETED_DEVICE_FAMILY = "1,2";
			};
			name = Debug;
		};
		1D44EF9A292C066C00465C43 /* Release */ = {
			isa = XCBuildConfiguration;
			buildSettings = {
				ASSETCATALOG_COMPILER_APPICON_NAME = AppIcon;
				ASSETCATALOG_COMPILER_GLOBAL_ACCENT_COLOR_NAME = AccentColor;
				CODE_SIGN_STYLE = Automatic;
				CURRENT_PROJECT_VERSION = 1;
				DEVELOPMENT_ASSET_PATHS = "\"KMMViewModelSample/Preview Content\"";
				ENABLE_PREVIEWS = YES;
				FRAMEWORK_SEARCH_PATHS = "$(SRCROOT)/../shared/build/xcode-frameworks/$(CONFIGURATION)/$(SDK_NAME)";
				GENERATE_INFOPLIST_FILE = YES;
				INFOPLIST_KEY_UIApplicationSceneManifest_Generation = YES;
				INFOPLIST_KEY_UIApplicationSupportsIndirectInputEvents = YES;
				INFOPLIST_KEY_UILaunchScreen_Generation = YES;
				INFOPLIST_KEY_UISupportedInterfaceOrientations_iPad = "UIInterfaceOrientationPortrait UIInterfaceOrientationPortraitUpsideDown UIInterfaceOrientationLandscapeLeft UIInterfaceOrientationLandscapeRight";
				INFOPLIST_KEY_UISupportedInterfaceOrientations_iPhone = "UIInterfaceOrientationPortrait UIInterfaceOrientationLandscapeLeft UIInterfaceOrientationLandscapeRight";
				LD_RUNPATH_SEARCH_PATHS = (
					"$(inherited)",
					"@executable_path/Frameworks",
				);
				MARKETING_VERSION = 1.0;
				OTHER_LDFLAGS = (
					"$(inherited)",
					"-framework",
					KMMViewModelSampleShared,
				);
				PRODUCT_BUNDLE_IDENTIFIER = com.rickclephas.kmm.viewmodel.sample;
				PRODUCT_NAME = "$(TARGET_NAME)";
				SWIFT_EMIT_LOC_STRINGS = YES;
				SWIFT_VERSION = 5.0;
				TARGETED_DEVICE_FAMILY = "1,2";
			};
			name = Release;
		};
		1D44EF9C292C066C00465C43 /* Debug */ = {
			isa = XCBuildConfiguration;
			buildSettings = {
				ALWAYS_EMBED_SWIFT_STANDARD_LIBRARIES = YES;
				BUNDLE_LOADER = "$(TEST_HOST)";
				CODE_SIGN_STYLE = Automatic;
				CURRENT_PROJECT_VERSION = 1;
				GENERATE_INFOPLIST_FILE = YES;
				IPHONEOS_DEPLOYMENT_TARGET = 16.0;
				MARKETING_VERSION = 1.0;
				PRODUCT_BUNDLE_IDENTIFIER = com.rickclephas.kmm.KMMViewModelSampleTests;
				PRODUCT_NAME = "$(TARGET_NAME)";
				SWIFT_EMIT_LOC_STRINGS = NO;
				SWIFT_VERSION = 5.0;
				TARGETED_DEVICE_FAMILY = "1,2";
				TEST_HOST = "$(BUILT_PRODUCTS_DIR)/KMMViewModelSample.app/$(BUNDLE_EXECUTABLE_FOLDER_PATH)/KMMViewModelSample";
			};
			name = Debug;
		};
		1D44EF9D292C066C00465C43 /* Release */ = {
			isa = XCBuildConfiguration;
			buildSettings = {
				ALWAYS_EMBED_SWIFT_STANDARD_LIBRARIES = YES;
				BUNDLE_LOADER = "$(TEST_HOST)";
				CODE_SIGN_STYLE = Automatic;
				CURRENT_PROJECT_VERSION = 1;
				GENERATE_INFOPLIST_FILE = YES;
				IPHONEOS_DEPLOYMENT_TARGET = 16.0;
				MARKETING_VERSION = 1.0;
				PRODUCT_BUNDLE_IDENTIFIER = com.rickclephas.kmm.KMMViewModelSampleTests;
				PRODUCT_NAME = "$(TARGET_NAME)";
				SWIFT_EMIT_LOC_STRINGS = NO;
				SWIFT_VERSION = 5.0;
				TARGETED_DEVICE_FAMILY = "1,2";
				TEST_HOST = "$(BUILT_PRODUCTS_DIR)/KMMViewModelSample.app/$(BUNDLE_EXECUTABLE_FOLDER_PATH)/KMMViewModelSample";
			};
			name = Release;
		};
		1D44EF9F292C066C00465C43 /* Debug */ = {
			isa = XCBuildConfiguration;
			buildSettings = {
				ALWAYS_EMBED_SWIFT_STANDARD_LIBRARIES = YES;
				CODE_SIGN_STYLE = Automatic;
				CURRENT_PROJECT_VERSION = 1;
				GENERATE_INFOPLIST_FILE = YES;
				MARKETING_VERSION = 1.0;
				PRODUCT_BUNDLE_IDENTIFIER = com.rickclephas.kmm.KMMViewModelSampleUITests;
				PRODUCT_NAME = "$(TARGET_NAME)";
				SWIFT_EMIT_LOC_STRINGS = NO;
				SWIFT_VERSION = 5.0;
				TARGETED_DEVICE_FAMILY = "1,2";
				TEST_TARGET_NAME = KMMViewModelSample;
			};
			name = Debug;
		};
		1D44EFA0292C066C00465C43 /* Release */ = {
			isa = XCBuildConfiguration;
			buildSettings = {
				ALWAYS_EMBED_SWIFT_STANDARD_LIBRARIES = YES;
				CODE_SIGN_STYLE = Automatic;
				CURRENT_PROJECT_VERSION = 1;
				GENERATE_INFOPLIST_FILE = YES;
				MARKETING_VERSION = 1.0;
				PRODUCT_BUNDLE_IDENTIFIER = com.rickclephas.kmm.KMMViewModelSampleUITests;
				PRODUCT_NAME = "$(TARGET_NAME)";
				SWIFT_EMIT_LOC_STRINGS = NO;
				SWIFT_VERSION = 5.0;
				TARGETED_DEVICE_FAMILY = "1,2";
				TEST_TARGET_NAME = KMMViewModelSample;
			};
			name = Release;
		};
/* End XCBuildConfiguration section */

/* Begin XCConfigurationList section */
		1D44EF6F292C066B00465C43 /* Build configuration list for PBXProject "KMMViewModelSample" */ = {
			isa = XCConfigurationList;
			buildConfigurations = (
				1D44EF96292C066C00465C43 /* Debug */,
				1D44EF97292C066C00465C43 /* Release */,
			);
			defaultConfigurationIsVisible = 0;
			defaultConfigurationName = Release;
		};
		1D44EF98292C066C00465C43 /* Build configuration list for PBXNativeTarget "KMMViewModelSample" */ = {
			isa = XCConfigurationList;
			buildConfigurations = (
				1D44EF99292C066C00465C43 /* Debug */,
				1D44EF9A292C066C00465C43 /* Release */,
			);
			defaultConfigurationIsVisible = 0;
			defaultConfigurationName = Release;
		};
		1D44EF9B292C066C00465C43 /* Build configuration list for PBXNativeTarget "KMMViewModelSampleTests" */ = {
			isa = XCConfigurationList;
			buildConfigurations = (
				1D44EF9C292C066C00465C43 /* Debug */,
				1D44EF9D292C066C00465C43 /* Release */,
			);
			defaultConfigurationIsVisible = 0;
			defaultConfigurationName = Release;
		};
		1D44EF9E292C066C00465C43 /* Build configuration list for PBXNativeTarget "KMMViewModelSampleUITests" */ = {
			isa = XCConfigurationList;
			buildConfigurations = (
				1D44EF9F292C066C00465C43 /* Debug */,
				1D44EFA0292C066C00465C43 /* Release */,
			);
			defaultConfigurationIsVisible = 0;
			defaultConfigurationName = Release;
		};
/* End XCConfigurationList section */

/* Begin XCSwiftPackageProductDependency section */
		1DCF89AA2933929400A4C54A /* KMMViewModelSwiftUI */ = {
			isa = XCSwiftPackageProductDependency;
			productName = KMMViewModelSwiftUI;
		};
/* End XCSwiftPackageProductDependency section */
	};
	rootObject = 1D44EF6C292C066B00465C43 /* Project object */;
}
